{
  "name": "windows",
  "lockfileVersion": 3,
  "requires": true,
  "packages": {
    "": {
      "dependencies": {
        "@embedded-postgres/windows-x64": "15.18.0-beta.17"
      }
    },
    "node_modules/@embedded-postgres/windows-x64": {
      "version": "15.18.0-beta.17",
      "resolved": "https://registry.npmjs.org/@embedded-postgres/windows-x64/-/windows-x64-15.18.0-beta.17.tgz",
      "integrity": "sha512-QE/GDEXKhEgbOJ2EIn57qcHNso3TV3s5ixjxzx7lgz46yGKUzTgXEHrgTEw2ckkNpIJSu9kUVIKck1ijnMlurw==",
      "cpu": [
        "x64"
      ],
      "hasInstallScript": true,
      "license": "MIT",
      "os": [
        "win32"
      ],
      "engines": {
        "node": ">=16"
      }
    }
  }
}
